
Microsoft Visual Studio Solution File, Format Version 12.00
# Visual Studio Version 17
VisualStudioVersion = 17.11.35303.130
MinimumVisualStudioVersion = 10.0.40219.1
Project("{9A19103F-16F7-4668-BE54-9A1E7A4F7556}") = "ClaudeToZenn", "ClaudeToZenn\ClaudeToZenn.csproj", "{B41ECBCD-0DA7-41D1-BC6A-810D7C9249E6}"
EndProject
Project("{9A19103F-16F7-4668-BE54-9A1E7A4F7556}") = "ClaudeToZenn.Test", "ClaudeToZenn.Test\ClaudeToZenn.Test.csproj", "{FB5A8776-B68A-452C-A067-E58C219412FB}"
EndProject
Project("{FAE04EC0-301F-11D3-BF4B-00C04F79EFBC}") = "ClaudeToZenn.Functions", "ClaudeToZenn.Functions\ClaudeToZenn.Functions.csproj", "{03D407BA-DB86-432A-8CD1-64680788FCD1}"
EndProject
Global
	GlobalSection(SolutionConfigurationPlatforms) = preSolution
		Debug|Any CPU = Debug|Any CPU
		Debug|ARM = Debug|ARM
		Debug|ARM64 = Debug|ARM64
		Debug|x64 = Debug|x64
		Debug|x86 = Debug|x86
		Release|Any CPU = Release|Any CPU
		Release|ARM = Release|ARM
		Release|ARM64 = Release|ARM64
		Release|x64 = Release|x64
		Release|x86 = Release|x86
	EndGlobalSection
	GlobalSection(ProjectConfigurationPlatforms) = postSolution
		{B41ECBCD-0DA7-41D1-BC6A-810D7C9249E6}.Debug|Any CPU.ActiveCfg = Debug|Any CPU
		{B41ECBCD-0DA7-41D1-BC6A-810D7C9249E6}.Debug|Any CPU.Build.0 = Debug|Any CPU
		{B41ECBCD-0DA7-41D1-BC6A-810D7C9249E6}.Debug|ARM.ActiveCfg = Debug|Any CPU
		{B41ECBCD-0DA7-41D1-BC6A-810D7C9249E6}.Debug|ARM.Build.0 = Debug|Any CPU
		{B41ECBCD-0DA7-41D1-BC6A-810D7C9249E6}.Debug|ARM64.ActiveCfg = Debug|Any CPU
		{B41ECBCD-0DA7-41D1-BC6A-810D7C9249E6}.Debug|ARM64.Build.0 = Debug|Any CPU
		{B41ECBCD-0DA7-41D1-BC6A-810D7C9249E6}.Debug|x64.ActiveCfg = Debug|Any CPU
		{B41ECBCD-0DA7-41D1-BC6A-810D7C9249E6}.Debug|x64.Build.0 = Debug|Any CPU
		{B41ECBCD-0DA7-41D1-BC6A-810D7C9249E6}.Debug|x86.ActiveCfg = Debug|Any CPU
		{B41ECBCD-0DA7-41D1-BC6A-810D7C9249E6}.Debug|x86.Build.0 = Debug|Any CPU
		{B41ECBCD-0DA7-41D1-BC6A-810D7C9249E6}.Release|Any CPU.ActiveCfg = Release|Any CPU
		{B41ECBCD-0DA7-41D1-BC6A-810D7C9249E6}.Release|Any CPU.Build.0 = Release|Any CPU
		{B41ECBCD-0DA7-41D1-BC6A-810D7C9249E6}.Release|ARM.ActiveCfg = Release|Any CPU
		{B41ECBCD-0DA7-41D1-BC6A-810D7C9249E6}.Release|ARM.Build.0 = Release|Any CPU
		{B41ECBCD-0DA7-41D1-BC6A-810D7C9249E6}.Release|ARM64.ActiveCfg = Release|Any CPU
		{B41ECBCD-0DA7-41D1-BC6A-810D7C9249E6}.Release|ARM64.Build.0 = Release|Any CPU
		{B41ECBCD-0DA7-41D1-BC6A-810D7C9249E6}.Release|x64.ActiveCfg = Release|Any CPU
		{B41ECBCD-0DA7-41D1-BC6A-810D7C9249E6}.Release|x64.Build.0 = Release|Any CPU
		{B41ECBCD-0DA7-41D1-BC6A-810D7C9249E6}.Release|x86.ActiveCfg = Release|Any CPU
		{B41ECBCD-0DA7-41D1-BC6A-810D7C9249E6}.Release|x86.Build.0 = Release|Any CPU
		{FB5A8776-B68A-452C-A067-E58C219412FB}.Debug|Any CPU.ActiveCfg = Debug|Any CPU
		{FB5A8776-B68A-452C-A067-E58C219412FB}.Debug|Any CPU.Build.0 = Debug|Any CPU
		{FB5A8776-B68A-452C-A067-E58C219412FB}.Debug|ARM.ActiveCfg = Debug|Any CPU
		{FB5A8776-B68A-452C-A067-E58C219412FB}.Debug|ARM.Build.0 = Debug|Any CPU
		{FB5A8776-B68A-452C-A067-E58C219412FB}.Debug|ARM64.ActiveCfg = Debug|Any CPU
		{FB5A8776-B68A-452C-A067-E58C219412FB}.Debug|ARM64.Build.0 = Debug|Any CPU
		{FB5A8776-B68A-452C-A067-E58C219412FB}.Debug|x64.ActiveCfg = Debug|Any CPU
		{FB5A8776-B68A-452C-A067-E58C219412FB}.Debug|x64.Build.0 = Debug|Any CPU
		{FB5A8776-B68A-452C-A067-E58C219412FB}.Debug|x86.ActiveCfg = Debug|Any CPU
		{FB5A8776-B68A-452C-A067-E58C219412FB}.Debug|x86.Build.0 = Debug|Any CPU
		{FB5A8776-B68A-452C-A067-E58C219412FB}.Release|Any CPU.ActiveCfg = Release|Any CPU
		{FB5A8776-B68A-452C-A067-E58C219412FB}.Release|Any CPU.Build.0 = Release|Any CPU
		{FB5A8776-B68A-452C-A067-E58C219412FB}.Release|ARM.ActiveCfg = Release|Any CPU
		{FB5A8776-B68A-452C-A067-E58C219412FB}.Release|ARM.Build.0 = Release|Any CPU
		{FB5A8776-B68A-452C-A067-E58C219412FB}.Release|ARM64.ActiveCfg = Release|Any CPU
		{FB5A8776-B68A-452C-A067-E58C219412FB}.Release|ARM64.Build.0 = Release|Any CPU
		{FB5A8776-B68A-452C-A067-E58C219412FB}.Release|x64.ActiveCfg = Release|Any CPU
		{FB5A8776-B68A-452C-A067-E58C219412FB}.Release|x64.Build.0 = Release|Any CPU
		{FB5A8776-B68A-452C-A067-E58C219412FB}.Release|x86.ActiveCfg = Release|Any CPU
		{FB5A8776-B68A-452C-A067-E58C219412FB}.Release|x86.Build.0 = Release|Any CPU
		{03D407BA-DB86-432A-8CD1-64680788FCD1}.Debug|Any CPU.ActiveCfg = Debug|Any CPU
		{03D407BA-DB86-432A-8CD1-64680788FCD1}.Debug|Any CPU.Build.0 = Debug|Any CPU
		{03D407BA-DB86-432A-8CD1-64680788FCD1}.Debug|ARM.ActiveCfg = Debug|Any CPU
		{03D407BA-DB86-432A-8CD1-64680788FCD1}.Debug|ARM.Build.0 = Debug|Any CPU
		{03D407BA-DB86-432A-8CD1-64680788FCD1}.Debug|ARM64.ActiveCfg = Debug|Any CPU
		{03D407BA-DB86-432A-8CD1-64680788FCD1}.Debug|ARM64.Build.0 = Debug|Any CPU
		{03D407BA-DB86-432A-8CD1-64680788FCD1}.Debug|x64.ActiveCfg = Debug|Any CPU
		{03D407BA-DB86-432A-8CD1-64680788FCD1}.Debug|x64.Build.0 = Debug|Any CPU
		{03D407BA-DB86-432A-8CD1-64680788FCD1}.Debug|x86.ActiveCfg = Debug|Any CPU
		{03D407BA-DB86-432A-8CD1-64680788FCD1}.Debug|x86.Build.0 = Debug|Any CPU
		{03D407BA-DB86-432A-8CD1-64680788FCD1}.Release|Any CPU.ActiveCfg = Release|Any CPU
		{03D407BA-DB86-432A-8CD1-64680788FCD1}.Release|Any CPU.Build.0 = Release|Any CPU
		{03D407BA-DB86-432A-8CD1-64680788FCD1}.Release|ARM.ActiveCfg = Release|Any CPU
		{03D407BA-DB86-432A-8CD1-64680788FCD1}.Release|ARM.Build.0 = Release|Any CPU
		{03D407BA-DB86-432A-8CD1-64680788FCD1}.Release|ARM64.ActiveCfg = Release|Any CPU
		{03D407BA-DB86-432A-8CD1-64680788FCD1}.Release|ARM64.Build.0 = Release|Any CPU
		{03D407BA-DB86-432A-8CD1-64680788FCD1}.Release|x64.ActiveCfg = Release|Any CPU
		{03D407BA-DB86-432A-8CD1-64680788FCD1}.Release|x64.Build.0 = Release|Any CPU
		{03D407BA-DB86-432A-8CD1-64680788FCD1}.Release|x86.ActiveCfg = Release|Any CPU
		{03D407BA-DB86-432A-8CD1-64680788FCD1}.Release|x86.Build.0 = Release|Any CPU
	EndGlobalSection
	GlobalSection(SolutionProperties) = preSolution
		HideSolutionNode = FALSE
	EndGlobalSection
	GlobalSection(ExtensibilityGlobals) = postSolution
		SolutionGuid = {DB90AC8B-7E42-465C-AE4A-A78B69D71C01}
	EndGlobalSection
EndGlobal
